
Microsoft Visual Studio Solution File, Format Version 12.00
# Visual Studio Version 16
VisualStudioVersion = 16.0.31702.278
MinimumVisualStudioVersion = 10.0.40219.1
Project("{9A19103F-16F7-4668-BE54-9A1E7A4F7556}") = "Stemberger.Ivan.2E.TPFinal", "Stemberger.Ivan.2E.TPFinal.csproj", "{7979B585-69AB-4689-A529-0E1B45729FD7}"
EndProject
Project("{9A19103F-16F7-4668-BE54-9A1E7A4F7556}") = "TPFinal.ClassLibrary", "..\TPFinal.ClassLibrary\TPFinal.ClassLibrary.csproj", "{68BF2F0F-340B-495D-A224-F22CD9ACD2D9}"
EndProject
Project("{9A19103F-16F7-4668-BE54-9A1E7A4F7556}") = "Test", "..\Test\Test.csproj", "{62DC7899-4CC9-4056-827F-37DD58D18325}"
EndProject
Project("{FAE04EC0-301F-11D3-BF4B-00C04F79EFBC}") = "Test_TP3", "..\Test_TP3\Test_TP3.csproj", "{ADF7F09E-64EC-4911-8E3D-E2B4033E0D11}"
EndProject
Global
	GlobalSection(SolutionConfigurationPlatforms) = preSolution
		Debug|Any CPU = Debug|Any CPU
		Release|Any CPU = Release|Any CPU
	EndGlobalSection
	GlobalSection(ProjectConfigurationPlatforms) = postSolution
		{7979B585-69AB-4689-A529-0E1B45729FD7}.Debug|Any CPU.ActiveCfg = Debug|Any CPU
		{7979B585-69AB-4689-A529-0E1B45729FD7}.Debug|Any CPU.Build.0 = Debug|Any CPU
		{7979B585-69AB-4689-A529-0E1B45729FD7}.Release|Any CPU.ActiveCfg = Release|Any CPU
		{7979B585-69AB-4689-A529-0E1B45729FD7}.Release|Any CPU.Build.0 = Release|Any CPU
		{68BF2F0F-340B-495D-A224-F22CD9ACD2D9}.Debug|Any CPU.ActiveCfg = Debug|Any CPU
		{68BF2F0F-340B-495D-A224-F22CD9ACD2D9}.Debug|Any CPU.Build.0 = Debug|Any CPU
		{68BF2F0F-340B-495D-A224-F22CD9ACD2D9}.Release|Any CPU.ActiveCfg = Release|Any CPU
		{68BF2F0F-340B-495D-A224-F22CD9ACD2D9}.Release|Any CPU.Build.0 = Release|Any CPU
		{62DC7899-4CC9-4056-827F-37DD58D18325}.Debug|Any CPU.ActiveCfg = Debug|Any CPU
		{62DC7899-4CC9-4056-827F-37DD58D18325}.Debug|Any CPU.Build.0 = Debug|Any CPU
		{62DC7899-4CC9-4056-827F-37DD58D18325}.Release|Any CPU.ActiveCfg = Release|Any CPU
		{62DC7899-4CC9-4056-827F-37DD58D18325}.Release|Any CPU.Build.0 = Release|Any CPU
		{ADF7F09E-64EC-4911-8E3D-E2B4033E0D11}.Debug|Any CPU.ActiveCfg = Debug|Any CPU
		{ADF7F09E-64EC-4911-8E3D-E2B4033E0D11}.Debug|Any CPU.Build.0 = Debug|Any CPU
		{ADF7F09E-64EC-4911-8E3D-E2B4033E0D11}.Release|Any CPU.ActiveCfg = Release|Any CPU
		{ADF7F09E-64EC-4911-8E3D-E2B4033E0D11}.Release|Any CPU.Build.0 = Release|Any CPU
	EndGlobalSection
	GlobalSection(SolutionProperties) = preSolution
		HideSolutionNode = FALSE
	EndGlobalSection
	GlobalSection(ExtensibilityGlobals) = postSolution
		SolutionGuid = {EA127CDA-912A-4DD7-BFC0-84AF24A66A38}
	EndGlobalSection
EndGlobal
